// !$*UTF8*$!
{
	archiveVersion = 1;
	classes = {
	};
	objectVersion = 51;
	objects = {

/* Begin PBXBuildFile section */
		1A8490E0CCCF2DD992FF93B7 /* Pods_PickerField.framework in Frameworks */ = {isa = PBXBuildFile; fileRef = C305563DEE0AB12A34FDAC18 /* Pods_PickerField.framework */; };
		2E6DBF362520E1BE001F5545 /* PickerField.framework in Frameworks */ = {isa = PBXBuildFile; fileRef = 2E6DBF2C2520E1BE001F5545 /* PickerField.framework */; };
		2E6DBF3B2520E1BE001F5545 /* PickerFieldTests.swift in Sources */ = {isa = PBXBuildFile; fileRef = 2E6DBF3A2520E1BE001F5545 /* PickerFieldTests.swift */; };
		2E6DBF3D2520E1BE001F5545 /* PickerField.h in Headers */ = {isa = PBXBuildFile; fileRef = 2E6DBF2F2520E1BE001F5545 /* PickerField.h */; settings = {ATTRIBUTES = (Public, ); }; };
		2E6DBF5E2520E361001F5545 /* Assets.xcassets in Resources */ = {isa = PBXBuildFile; fileRef = 2E6DBF5D2520E361001F5545 /* Assets.xcassets */; };
		2E6DBF5F2520E361001F5545 /* Assets.xcassets in Resources */ = {isa = PBXBuildFile; fileRef = 2E6DBF5D2520E361001F5545 /* Assets.xcassets */; };
		2E6DC02625216480001F5545 /* PickerTextField.swift in Sources */ = {isa = PBXBuildFile; fileRef = 2E6DC02225216480001F5545 /* PickerTextField.swift */; };
		2E6DC02725216480001F5545 /* PickerField.swift in Sources */ = {isa = PBXBuildFile; fileRef = 2E6DC02325216480001F5545 /* PickerField.swift */; };
		2E6DC02825216480001F5545 /* PickerField.xib in Resources */ = {isa = PBXBuildFile; fileRef = 2E6DC02425216480001F5545 /* PickerField.xib */; };
		2E6DC02925216480001F5545 /* Picker.swift in Sources */ = {isa = PBXBuildFile; fileRef = 2E6DC02525216480001F5545 /* Picker.swift */; };
		2E6DC0772521DAD3001F5545 /* AppDelegate.swift in Sources */ = {isa = PBXBuildFile; fileRef = 2E6DC0762521DAD3001F5545 /* AppDelegate.swift */; };
		2E6DC0792521DAD3001F5545 /* SceneDelegate.swift in Sources */ = {isa = PBXBuildFile; fileRef = 2E6DC0782521DAD3001F5545 /* SceneDelegate.swift */; };
		2E6DC07B2521DAD3001F5545 /* ViewController.swift in Sources */ = {isa = PBXBuildFile; fileRef = 2E6DC07A2521DAD3001F5545 /* ViewController.swift */; };
		2E6DC07E2521DAD3001F5545 /* Main.storyboard in Resources */ = {isa = PBXBuildFile; fileRef = 2E6DC07C2521DAD3001F5545 /* Main.storyboard */; };
		2E6DC0802521DAD9001F5545 /* Assets.xcassets in Resources */ = {isa = PBXBuildFile; fileRef = 2E6DC07F2521DAD9001F5545 /* Assets.xcassets */; };
		2E6DC0832521DAD9001F5545 /* LaunchScreen.storyboard in Resources */ = {isa = PBXBuildFile; fileRef = 2E6DC0812521DAD9001F5545 /* LaunchScreen.storyboard */; };
		2E6DC08E2521DAD9001F5545 /* PickerFieldDemoTests.swift in Sources */ = {isa = PBXBuildFile; fileRef = 2E6DC08D2521DAD9001F5545 /* PickerFieldDemoTests.swift */; };
		2E6DC0992521DADA001F5545 /* PickerFieldDemoUITests.swift in Sources */ = {isa = PBXBuildFile; fileRef = 2E6DC0982521DADA001F5545 /* PickerFieldDemoUITests.swift */; };
		647367332B1907ED2CC2C724 /* Pods_PickerFieldDemo.framework in Frameworks */ = {isa = PBXBuildFile; fileRef = C39600F28A7AF1F5667A9B70 /* Pods_PickerFieldDemo.framework */; };
		C3E86FC47EA9E95F0DEAB066 /* Pods_PickerField_PickerFieldTests.framework in Frameworks */ = {isa = PBXBuildFile; fileRef = 65F5A5D5F1ADDB0DFE44291F /* Pods_PickerField_PickerFieldTests.framework */; };
/* End PBXBuildFile section */

/* Begin PBXContainerItemProxy section */
		2E6DBF372520E1BE001F5545 /* PBXContainerItemProxy */ = {
			isa = PBXContainerItemProxy;
			containerPortal = 2E6DBF232520E1BE001F5545 /* Project object */;
			proxyType = 1;
			remoteGlobalIDString = 2E6DBF2B2520E1BE001F5545;
			remoteInfo = PickerField;
		};
		2E6DC08A2521DAD9001F5545 /* PBXContainerItemProxy */ = {
			isa = PBXContainerItemProxy;
			containerPortal = 2E6DBF232520E1BE001F5545 /* Project object */;
			proxyType = 1;
			remoteGlobalIDString = 2E6DC0732521DAD3001F5545;
			remoteInfo = PickerFieldDemo;
		};
		2E6DC0952521DADA001F5545 /* PBXContainerItemProxy */ = {
			isa = PBXContainerItemProxy;
			containerPortal = 2E6DBF232520E1BE001F5545 /* Project object */;
			proxyType = 1;
			remoteGlobalIDString = 2E6DC0732521DAD3001F5545;
			remoteInfo = PickerFieldDemo;
		};
/* End PBXContainerItemProxy section */

/* Begin PBXFileReference section */
		1CED1117382D0839AB02EE61 /* Pods-PickerFieldDemo.release.xcconfig */ = {isa = PBXFileReference; includeInIndex = 1; lastKnownFileType = text.xcconfig; name = "Pods-PickerFieldDemo.release.xcconfig"; path = "Target Support Files/Pods-PickerFieldDemo/Pods-PickerFieldDemo.release.xcconfig"; sourceTree = "<group>"; };
		28849AE91E14AC927C18FC33 /* Pods-PickerField.release.xcconfig */ = {isa = PBXFileReference; includeInIndex = 1; lastKnownFileType = text.xcconfig; name = "Pods-PickerField.release.xcconfig"; path = "Target Support Files/Pods-PickerField/Pods-PickerField.release.xcconfig"; sourceTree = "<group>"; };
		2BFBBC3C85BAB52AFB13AF3B /* Pods-PickerField.debug.xcconfig */ = {isa = PBXFileReference; includeInIndex = 1; lastKnownFileType = text.xcconfig; name = "Pods-PickerField.debug.xcconfig"; path = "Target Support Files/Pods-PickerField/Pods-PickerField.debug.xcconfig"; sourceTree = "<group>"; };
		2E6DBF2C2520E1BE001F5545 /* PickerField.framework */ = {isa = PBXFileReference; explicitFileType = wrapper.framework; includeInIndex = 0; path = PickerField.framework; sourceTree = BUILT_PRODUCTS_DIR; };
		2E6DBF2F2520E1BE001F5545 /* PickerField.h */ = {isa = PBXFileReference; lastKnownFileType = sourcecode.c.h; path = PickerField.h; sourceTree = "<group>"; };
		2E6DBF302520E1BE001F5545 /* Info.plist */ = {isa = PBXFileReference; lastKnownFileType = text.plist.xml; path = Info.plist; sourceTree = "<group>"; };
		2E6DBF352520E1BE001F5545 /* PickerFieldTests.xctest */ = {isa = PBXFileReference; explicitFileType = wrapper.cfbundle; includeInIndex = 0; path = PickerFieldTests.xctest; sourceTree = BUILT_PRODUCTS_DIR; };
		2E6DBF3A2520E1BE001F5545 /* PickerFieldTests.swift */ = {isa = PBXFileReference; lastKnownFileType = sourcecode.swift; path = PickerFieldTests.swift; sourceTree = "<group>"; };
		2E6DBF3C2520E1BE001F5545 /* Info.plist */ = {isa = PBXFileReference; lastKnownFileType = text.plist.xml; path = Info.plist; sourceTree = "<group>"; };
		2E6DBF5D2520E361001F5545 /* Assets.xcassets */ = {isa = PBXFileReference; lastKnownFileType = folder.assetcatalog; path = Assets.xcassets; sourceTree = "<group>"; };
		2E6DC02225216480001F5545 /* PickerTextField.swift */ = {isa = PBXFileReference; fileEncoding = 4; lastKnownFileType = sourcecode.swift; path = PickerTextField.swift; sourceTree = "<group>"; };
		2E6DC02325216480001F5545 /* PickerField.swift */ = {isa = PBXFileReference; fileEncoding = 4; lastKnownFileType = sourcecode.swift; path = PickerField.swift; sourceTree = "<group>"; };
		2E6DC02425216480001F5545 /* PickerField.xib */ = {isa = PBXFileReference; fileEncoding = 4; lastKnownFileType = file.xib; path = PickerField.xib; sourceTree = "<group>"; };
		2E6DC02525216480001F5545 /* Picker.swift */ = {isa = PBXFileReference; fileEncoding = 4; lastKnownFileType = sourcecode.swift; path = Picker.swift; sourceTree = "<group>"; };
		2E6DC0742521DAD3001F5545 /* PickerFieldDemo.app */ = {isa = PBXFileReference; explicitFileType = wrapper.application; includeInIndex = 0; path = PickerFieldDemo.app; sourceTree = BUILT_PRODUCTS_DIR; };
		2E6DC0762521DAD3001F5545 /* AppDelegate.swift */ = {isa = PBXFileReference; lastKnownFileType = sourcecode.swift; path = AppDelegate.swift; sourceTree = "<group>"; };
		2E6DC0782521DAD3001F5545 /* SceneDelegate.swift */ = {isa = PBXFileReference; lastKnownFileType = sourcecode.swift; path = SceneDelegate.swift; sourceTree = "<group>"; };
		2E6DC07A2521DAD3001F5545 /* ViewController.swift */ = {isa = PBXFileReference; lastKnownFileType = sourcecode.swift; path = ViewController.swift; sourceTree = "<group>"; };
		2E6DC07D2521DAD3001F5545 /* Base */ = {isa = PBXFileReference; lastKnownFileType = file.storyboard; name = Base; path = Base.lproj/Main.storyboard; sourceTree = "<group>"; };
		2E6DC07F2521DAD9001F5545 /* Assets.xcassets */ = {isa = PBXFileReference; lastKnownFileType = folder.assetcatalog; path = Assets.xcassets; sourceTree = "<group>"; };
		2E6DC0822521DAD9001F5545 /* Base */ = {isa = PBXFileReference; lastKnownFileType = file.storyboard; name = Base; path = Base.lproj/LaunchScreen.storyboard; sourceTree = "<group>"; };
		2E6DC0842521DAD9001F5545 /* Info.plist */ = {isa = PBXFileReference; lastKnownFileType = text.plist.xml; path = Info.plist; sourceTree = "<group>"; };
		2E6DC0892521DAD9001F5545 /* PickerFieldDemoTests.xctest */ = {isa = PBXFileReference; explicitFileType = wrapper.cfbundle; includeInIndex = 0; path = PickerFieldDemoTests.xctest; sourceTree = BUILT_PRODUCTS_DIR; };
		2E6DC08D2521DAD9001F5545 /* PickerFieldDemoTests.swift */ = {isa = PBXFileReference; lastKnownFileType = sourcecode.swift; path = PickerFieldDemoTests.swift; sourceTree = "<group>"; };
		2E6DC08F2521DAD9001F5545 /* Info.plist */ = {isa = PBXFileReference; lastKnownFileType = text.plist.xml; path = Info.plist; sourceTree = "<group>"; };
		2E6DC0942521DAD9001F5545 /* PickerFieldDemoUITests.xctest */ = {isa = PBXFileReference; explicitFileType = wrapper.cfbundle; includeInIndex = 0; path = PickerFieldDemoUITests.xctest; sourceTree = BUILT_PRODUCTS_DIR; };
		2E6DC0982521DADA001F5545 /* PickerFieldDemoUITests.swift */ = {isa = PBXFileReference; lastKnownFileType = sourcecode.swift; path = PickerFieldDemoUITests.swift; sourceTree = "<group>"; };
		2E6DC09A2521DADA001F5545 /* Info.plist */ = {isa = PBXFileReference; lastKnownFileType = text.plist.xml; path = Info.plist; sourceTree = "<group>"; };
		2F6F6D294DB5BEA4D411BFE1 /* Pods-PickerFieldDemo.debug.xcconfig */ = {isa = PBXFileReference; includeInIndex = 1; lastKnownFileType = text.xcconfig; name = "Pods-PickerFieldDemo.debug.xcconfig"; path = "Target Support Files/Pods-PickerFieldDemo/Pods-PickerFieldDemo.debug.xcconfig"; sourceTree = "<group>"; };
		55379CE836B06C7D2CED912C /* Pods-PickerField-PickerFieldTests.release.xcconfig */ = {isa = PBXFileReference; includeInIndex = 1; lastKnownFileType = text.xcconfig; name = "Pods-PickerField-PickerFieldTests.release.xcconfig"; path = "Target Support Files/Pods-PickerField-PickerFieldTests/Pods-PickerField-PickerFieldTests.release.xcconfig"; sourceTree = "<group>"; };
		5CCCAB3395C12D57C856955D /* Pods-PickerField-PickerFieldTests.debug.xcconfig */ = {isa = PBXFileReference; includeInIndex = 1; lastKnownFileType = text.xcconfig; name = "Pods-PickerField-PickerFieldTests.debug.xcconfig"; path = "Target Support Files/Pods-PickerField-PickerFieldTests/Pods-PickerField-PickerFieldTests.debug.xcconfig"; sourceTree = "<group>"; };
		65F5A5D5F1ADDB0DFE44291F /* Pods_PickerField_PickerFieldTests.framework */ = {isa = PBXFileReference; explicitFileType = wrapper.framework; includeInIndex = 0; path = Pods_PickerField_PickerFieldTests.framework; sourceTree = BUILT_PRODUCTS_DIR; };
		C305563DEE0AB12A34FDAC18 /* Pods_PickerField.framework */ = {isa = PBXFileReference; explicitFileType = wrapper.framework; includeInIndex = 0; path = Pods_PickerField.framework; sourceTree = BUILT_PRODUCTS_DIR; };
		C39600F28A7AF1F5667A9B70 /* Pods_PickerFieldDemo.framework */ = {isa = PBXFileReference; explicitFileType = wrapper.framework; includeInIndex = 0; path = Pods_PickerFieldDemo.framework; sourceTree = BUILT_PRODUCTS_DIR; };
/* End PBXFileReference section */

/* Begin PBXFrameworksBuildPhase section */
		2E6DBF292520E1BE001F5545 /* Frameworks */ = {
			isa = PBXFrameworksBuildPhase;
			buildActionMask = 2147483647;
			files = (
				1A8490E0CCCF2DD992FF93B7 /* Pods_PickerField.framework in Frameworks */,
			);
			runOnlyForDeploymentPostprocessing = 0;
		};
		2E6DBF322520E1BE001F5545 /* Frameworks */ = {
			isa = PBXFrameworksBuildPhase;
			buildActionMask = 2147483647;
			files = (
				2E6DBF362520E1BE001F5545 /* PickerField.framework in Frameworks */,
				C3E86FC47EA9E95F0DEAB066 /* Pods_PickerField_PickerFieldTests.framework in Frameworks */,
			);
			runOnlyForDeploymentPostprocessing = 0;
		};
		2E6DC0712521DAD3001F5545 /* Frameworks */ = {
			isa = PBXFrameworksBuildPhase;
			buildActionMask = 2147483647;
			files = (
				647367332B1907ED2CC2C724 /* Pods_PickerFieldDemo.framework in Frameworks */,
			);
			runOnlyForDeploymentPostprocessing = 0;
		};
		2E6DC0862521DAD9001F5545 /* Frameworks */ = {
			isa = PBXFrameworksBuildPhase;
			buildActionMask = 2147483647;
			files = (
			);
			runOnlyForDeploymentPostprocessing = 0;
		};
		2E6DC0912521DAD9001F5545 /* Frameworks */ = {
			isa = PBXFrameworksBuildPhase;
			buildActionMask = 2147483647;
			files = (
			);
			runOnlyForDeploymentPostprocessing = 0;
		};
/* End PBXFrameworksBuildPhase section */

/* Begin PBXGroup section */
		2E6DBF222520E1BE001F5545 = {
			isa = PBXGroup;
			children = (
				2E6DBF2E2520E1BE001F5545 /* PickerField */,
				2E6DBF392520E1BE001F5545 /* PickerFieldTests */,
				2E6DC0752521DAD3001F5545 /* PickerFieldDemo */,
				2E6DC08C2521DAD9001F5545 /* PickerFieldDemoTests */,
				2E6DC0972521DADA001F5545 /* PickerFieldDemoUITests */,
				2E6DBF2D2520E1BE001F5545 /* Products */,
				755A15ADCB7ACD87F769B9DC /* Pods */,
				EABC4F8DA08B500122965419 /* Frameworks */,
			);
			sourceTree = "<group>";
		};
		2E6DBF2D2520E1BE001F5545 /* Products */ = {
			isa = PBXGroup;
			children = (
				2E6DBF2C2520E1BE001F5545 /* PickerField.framework */,
				2E6DBF352520E1BE001F5545 /* PickerFieldTests.xctest */,
				2E6DC0742521DAD3001F5545 /* PickerFieldDemo.app */,
				2E6DC0892521DAD9001F5545 /* PickerFieldDemoTests.xctest */,
				2E6DC0942521DAD9001F5545 /* PickerFieldDemoUITests.xctest */,
			);
			name = Products;
			sourceTree = "<group>";
		};
		2E6DBF2E2520E1BE001F5545 /* PickerField */ = {
			isa = PBXGroup;
			children = (
				2E6DBF2F2520E1BE001F5545 /* PickerField.h */,
				2E6DC02125216480001F5545 /* Source */,
				2E6DBF5A2520E2D7001F5545 /* Resources */,
				2E6DBF302520E1BE001F5545 /* Info.plist */,
			);
			path = PickerField;
			sourceTree = "<group>";
		};
		2E6DBF392520E1BE001F5545 /* PickerFieldTests */ = {
			isa = PBXGroup;
			children = (
				2E6DBF3A2520E1BE001F5545 /* PickerFieldTests.swift */,
				2E6DBF3C2520E1BE001F5545 /* Info.plist */,
			);
			path = PickerFieldTests;
			sourceTree = "<group>";
		};
		2E6DBF5A2520E2D7001F5545 /* Resources */ = {
			isa = PBXGroup;
			children = (
				2E6DBF5D2520E361001F5545 /* Assets.xcassets */,
			);
			path = Resources;
			sourceTree = "<group>";
		};
		2E6DC02125216480001F5545 /* Source */ = {
			isa = PBXGroup;
			children = (
				2E6DC02225216480001F5545 /* PickerTextField.swift */,
				2E6DC02325216480001F5545 /* PickerField.swift */,
				2E6DC02425216480001F5545 /* PickerField.xib */,
				2E6DC02525216480001F5545 /* Picker.swift */,
			);
			path = Source;
			sourceTree = "<group>";
		};
		2E6DC0752521DAD3001F5545 /* PickerFieldDemo */ = {
			isa = PBXGroup;
			children = (
				2E6DC0762521DAD3001F5545 /* AppDelegate.swift */,
				2E6DC0782521DAD3001F5545 /* SceneDelegate.swift */,
				2E6DC07A2521DAD3001F5545 /* ViewController.swift */,
				2E6DC07C2521DAD3001F5545 /* Main.storyboard */,
				2E6DC07F2521DAD9001F5545 /* Assets.xcassets */,
				2E6DC0812521DAD9001F5545 /* LaunchScreen.storyboard */,
				2E6DC0842521DAD9001F5545 /* Info.plist */,
			);
			path = PickerFieldDemo;
			sourceTree = "<group>";
		};
		2E6DC08C2521DAD9001F5545 /* PickerFieldDemoTests */ = {
			isa = PBXGroup;
			children = (
				2E6DC08D2521DAD9001F5545 /* PickerFieldDemoTests.swift */,
				2E6DC08F2521DAD9001F5545 /* Info.plist */,
			);
			path = PickerFieldDemoTests;
			sourceTree = "<group>";
		};
		2E6DC0972521DADA001F5545 /* PickerFieldDemoUITests */ = {
			isa = PBXGroup;
			children = (
				2E6DC0982521DADA001F5545 /* PickerFieldDemoUITests.swift */,
				2E6DC09A2521DADA001F5545 /* Info.plist */,
			);
			path = PickerFieldDemoUITests;
			sourceTree = "<group>";
		};
		755A15ADCB7ACD87F769B9DC /* Pods */ = {
			isa = PBXGroup;
			children = (
				2BFBBC3C85BAB52AFB13AF3B /* Pods-PickerField.debug.xcconfig */,
				28849AE91E14AC927C18FC33 /* Pods-PickerField.release.xcconfig */,
				5CCCAB3395C12D57C856955D /* Pods-PickerField-PickerFieldTests.debug.xcconfig */,
				55379CE836B06C7D2CED912C /* Pods-PickerField-PickerFieldTests.release.xcconfig */,
				2F6F6D294DB5BEA4D411BFE1 /* Pods-PickerFieldDemo.debug.xcconfig */,
				1CED1117382D0839AB02EE61 /* Pods-PickerFieldDemo.release.xcconfig */,
			);
			path = Pods;
			sourceTree = "<group>";
		};
		EABC4F8DA08B500122965419 /* Frameworks */ = {
			isa = PBXGroup;
			children = (
				C305563DEE0AB12A34FDAC18 /* Pods_PickerField.framework */,
				65F5A5D5F1ADDB0DFE44291F /* Pods_PickerField_PickerFieldTests.framework */,
				C39600F28A7AF1F5667A9B70 /* Pods_PickerFieldDemo.framework */,
			);
			name = Frameworks;
			sourceTree = "<group>";
		};
/* End PBXGroup section */

/* Begin PBXHeadersBuildPhase section */
		2E6DBF272520E1BE001F5545 /* Headers */ = {
			isa = PBXHeadersBuildPhase;
			buildActionMask = 2147483647;
			files = (
				2E6DBF3D2520E1BE001F5545 /* PickerField.h in Headers */,
			);
			runOnlyForDeploymentPostprocessing = 0;
		};
/* End PBXHeadersBuildPhase section */

/* Begin PBXNativeTarget section */
		2E6DBF2B2520E1BE001F5545 /* PickerField */ = {
			isa = PBXNativeTarget;
			buildConfigurationList = 2E6DBF402520E1BE001F5545 /* Build configuration list for PBXNativeTarget "PickerField" */;
			buildPhases = (
				CCCAD6D0CCED93EC25EBC6A1 /* [CP] Check Pods Manifest.lock */,
				2E6DBF272520E1BE001F5545 /* Headers */,
				2E6DBF282520E1BE001F5545 /* Sources */,
				2E6DBF292520E1BE001F5545 /* Frameworks */,
				2E6DBF2A2520E1BE001F5545 /* Resources */,
			);
			buildRules = (
			);
			dependencies = (
			);
			name = PickerField;
			productName = PickerField;
			productReference = 2E6DBF2C2520E1BE001F5545 /* PickerField.framework */;
			productType = "com.apple.product-type.framework";
		};
		2E6DBF342520E1BE001F5545 /* PickerFieldTests */ = {
			isa = PBXNativeTarget;
			buildConfigurationList = 2E6DBF432520E1BE001F5545 /* Build configuration list for PBXNativeTarget "PickerFieldTests" */;
			buildPhases = (
				51F462C30D3D494D3474B0E5 /* [CP] Check Pods Manifest.lock */,
				2E6DBF312520E1BE001F5545 /* Sources */,
				2E6DBF322520E1BE001F5545 /* Frameworks */,
				2E6DBF332520E1BE001F5545 /* Resources */,
			);
			buildRules = (
			);
			dependencies = (
				2E6DBF382520E1BE001F5545 /* PBXTargetDependency */,
			);
			name = PickerFieldTests;
			productName = PickerFieldTests;
			productReference = 2E6DBF352520E1BE001F5545 /* PickerFieldTests.xctest */;
			productType = "com.apple.product-type.bundle.unit-test";
		};
		2E6DC0732521DAD3001F5545 /* PickerFieldDemo */ = {
			isa = PBXNativeTarget;
			buildConfigurationList = 2E6DC0A12521DADA001F5545 /* Build configuration list for PBXNativeTarget "PickerFieldDemo" */;
			buildPhases = (
				095FB8D148FD3D8C3BF2DD42 /* [CP] Check Pods Manifest.lock */,
				2E6DC0702521DAD3001F5545 /* Sources */,
				2E6DC0712521DAD3001F5545 /* Frameworks */,
				2E6DC0722521DAD3001F5545 /* Resources */,
				8E33D49839C843302B87F2A5 /* [CP] Embed Pods Frameworks */,
			);
			buildRules = (
			);
			dependencies = (
			);
			name = PickerFieldDemo;
			productName = PickerFieldDemo;
			productReference = 2E6DC0742521DAD3001F5545 /* PickerFieldDemo.app */;
			productType = "com.apple.product-type.application";
		};
		2E6DC0882521DAD9001F5545 /* PickerFieldDemoTests */ = {
			isa = PBXNativeTarget;
			buildConfigurationList = 2E6DC0A22521DADA001F5545 /* Build configuration list for PBXNativeTarget "PickerFieldDemoTests" */;
			buildPhases = (
				2E6DC0852521DAD9001F5545 /* Sources */,
				2E6DC0862521DAD9001F5545 /* Frameworks */,
				2E6DC0872521DAD9001F5545 /* Resources */,
			);
			buildRules = (
			);
			dependencies = (
				2E6DC08B2521DAD9001F5545 /* PBXTargetDependency */,
			);
			name = PickerFieldDemoTests;
			productName = PickerFieldDemoTests;
			productReference = 2E6DC0892521DAD9001F5545 /* PickerFieldDemoTests.xctest */;
			productType = "com.apple.product-type.bundle.unit-test";
		};
		2E6DC0932521DAD9001F5545 /* PickerFieldDemoUITests */ = {
			isa = PBXNativeTarget;
			buildConfigurationList = 2E6DC0A32521DADA001F5545 /* Build configuration list for PBXNativeTarget "PickerFieldDemoUITests" */;
			buildPhases = (
				2E6DC0902521DAD9001F5545 /* Sources */,
				2E6DC0912521DAD9001F5545 /* Frameworks */,
				2E6DC0922521DAD9001F5545 /* Resources */,
			);
			buildRules = (
			);
			dependencies = (
				2E6DC0962521DADA001F5545 /* PBXTargetDependency */,
			);
			name = PickerFieldDemoUITests;
			productName = PickerFieldDemoUITests;
			productReference = 2E6DC0942521DAD9001F5545 /* PickerFieldDemoUITests.xctest */;
			productType = "com.apple.product-type.bundle.ui-testing";
		};
/* End PBXNativeTarget section */

/* Begin PBXProject section */
		2E6DBF232520E1BE001F5545 /* Project object */ = {
			isa = PBXProject;
			attributes = {
				LastSwiftUpdateCheck = 1200;
				LastUpgradeCheck = 1200;
				TargetAttributes = {
					2E6DBF2B2520E1BE001F5545 = {
						CreatedOnToolsVersion = 12.0;
						LastSwiftMigration = 1200;
					};
					2E6DBF342520E1BE001F5545 = {
						CreatedOnToolsVersion = 12.0;
					};
					2E6DC0732521DAD3001F5545 = {
						CreatedOnToolsVersion = 12.0;
					};
					2E6DC0882521DAD9001F5545 = {
						CreatedOnToolsVersion = 12.0;
						TestTargetID = 2E6DC0732521DAD3001F5545;
					};
					2E6DC0932521DAD9001F5545 = {
						CreatedOnToolsVersion = 12.0;
						TestTargetID = 2E6DC0732521DAD3001F5545;
					};
				};
			};
			buildConfigurationList = 2E6DBF262520E1BE001F5545 /* Build configuration list for PBXProject "PickerField" */;
			compatibilityVersion = "Xcode 9.3";
			developmentRegion = en;
			hasScannedForEncodings = 0;
			knownRegions = (
				en,
				Base,
			);
			mainGroup = 2E6DBF222520E1BE001F5545;
			productRefGroup = 2E6DBF2D2520E1BE001F5545 /* Products */;
			projectDirPath = "";
			projectRoot = "";
			targets = (
				2E6DBF2B2520E1BE001F5545 /* PickerField */,
				2E6DBF342520E1BE001F5545 /* PickerFieldTests */,
				2E6DC0732521DAD3001F5545 /* PickerFieldDemo */,
				2E6DC0882521DAD9001F5545 /* PickerFieldDemoTests */,
				2E6DC0932521DAD9001F5545 /* PickerFieldDemoUITests */,
			);
		};
/* End PBXProject section */

/* Begin PBXResourcesBuildPhase section */
		2E6DBF2A2520E1BE001F5545 /* Resources */ = {
			isa = PBXResourcesBuildPhase;
			buildActionMask = 2147483647;
			files = (
				2E6DBF5E2520E361001F5545 /* Assets.xcassets in Resources */,
				2E6DC02825216480001F5545 /* PickerField.xib in Resources */,
			);
			runOnlyForDeploymentPostprocessing = 0;
		};
		2E6DBF332520E1BE001F5545 /* Resources */ = {
			isa = PBXResourcesBuildPhase;
			buildActionMask = 2147483647;
			files = (
				2E6DBF5F2520E361001F5545 /* Assets.xcassets in Resources */,
			);
			runOnlyForDeploymentPostprocessing = 0;
		};
		2E6DC0722521DAD3001F5545 /* Resources */ = {
			isa = PBXResourcesBuildPhase;
			buildActionMask = 2147483647;
			files = (
				2E6DC0832521DAD9001F5545 /* LaunchScreen.storyboard in Resources */,
				2E6DC0802521DAD9001F5545 /* Assets.xcassets in Resources */,
				2E6DC07E2521DAD3001F5545 /* Main.storyboard in Resources */,
			);
			runOnlyForDeploymentPostprocessing = 0;
		};
		2E6DC0872521DAD9001F5545 /* Resources */ = {
			isa = PBXResourcesBuildPhase;
			buildActionMask = 2147483647;
			files = (
			);
			runOnlyForDeploymentPostprocessing = 0;
		};
		2E6DC0922521DAD9001F5545 /* Resources */ = {
			isa = PBXResourcesBuildPhase;
			buildActionMask = 2147483647;
			files = (
			);
			runOnlyForDeploymentPostprocessing = 0;
		};
/* End PBXResourcesBuildPhase section */

/* Begin PBXShellScriptBuildPhase section */
		095FB8D148FD3D8C3BF2DD42 /* [CP] Check Pods Manifest.lock */ = {
			isa = PBXShellScriptBuildPhase;
			buildActionMask = 2147483647;
			files = (
			);
			inputFileListPaths = (
			);
			inputPaths = (
				"${PODS_PODFILE_DIR_PATH}/Podfile.lock",
				"${PODS_ROOT}/Manifest.lock",
			);
			name = "[CP] Check Pods Manifest.lock";
			outputFileListPaths = (
			);
			outputPaths = (
				"$(DERIVED_FILE_DIR)/Pods-PickerFieldDemo-checkManifestLockResult.txt",
			);
			runOnlyForDeploymentPostprocessing = 0;
			shellPath = /bin/sh;
			shellScript = "diff \"${PODS_PODFILE_DIR_PATH}/Podfile.lock\" \"${PODS_ROOT}/Manifest.lock\" > /dev/null\nif [ $? != 0 ] ; then\n    # print error to STDERR\n    echo \"error: The sandbox is not in sync with the Podfile.lock. Run 'pod install' or update your CocoaPods installation.\" >&2\n    exit 1\nfi\n# This output is used by Xcode 'outputs' to avoid re-running this script phase.\necho \"SUCCESS\" > \"${SCRIPT_OUTPUT_FILE_0}\"\n";
			showEnvVarsInLog = 0;
		};
		51F462C30D3D494D3474B0E5 /* [CP] Check Pods Manifest.lock */ = {
			isa = PBXShellScriptBuildPhase;
			buildActionMask = 2147483647;
			files = (
			);
			inputFileListPaths = (
			);
			inputPaths = (
				"${PODS_PODFILE_DIR_PATH}/Podfile.lock",
				"${PODS_ROOT}/Manifest.lock",
			);
			name = "[CP] Check Pods Manifest.lock";
			outputFileListPaths = (
			);
			outputPaths = (
				"$(DERIVED_FILE_DIR)/Pods-PickerField-PickerFieldTests-checkManifestLockResult.txt",
			);
			runOnlyForDeploymentPostprocessing = 0;
			shellPath = /bin/sh;
			shellScript = "diff \"${PODS_PODFILE_DIR_PATH}/Podfile.lock\" \"${PODS_ROOT}/Manifest.lock\" > /dev/null\nif [ $? != 0 ] ; then\n    # print error to STDERR\n    echo \"error: The sandbox is not in sync with the Podfile.lock. Run 'pod install' or update your CocoaPods installation.\" >&2\n    exit 1\nfi\n# This output is used by Xcode 'outputs' to avoid re-running this script phase.\necho \"SUCCESS\" > \"${SCRIPT_OUTPUT_FILE_0}\"\n";
			showEnvVarsInLog = 0;
		};
		8E33D49839C843302B87F2A5 /* [CP] Embed Pods Frameworks */ = {
			isa = PBXShellScriptBuildPhase;
			buildActionMask = 2147483647;
			files = (
			);
			inputFileListPaths = (
				"${PODS_ROOT}/Target Support Files/Pods-PickerFieldDemo/Pods-PickerFieldDemo-frameworks-${CONFIGURATION}-input-files.xcfilelist",
			);
			name = "[CP] Embed Pods Frameworks";
			outputFileListPaths = (
				"${PODS_ROOT}/Target Support Files/Pods-PickerFieldDemo/Pods-PickerFieldDemo-frameworks-${CONFIGURATION}-output-files.xcfilelist",
			);
			runOnlyForDeploymentPostprocessing = 0;
			shellPath = /bin/sh;
			shellScript = "\"${PODS_ROOT}/Target Support Files/Pods-PickerFieldDemo/Pods-PickerFieldDemo-frameworks.sh\"\n";
			showEnvVarsInLog = 0;
		};
		CCCAD6D0CCED93EC25EBC6A1 /* [CP] Check Pods Manifest.lock */ = {
			isa = PBXShellScriptBuildPhase;
			buildActionMask = 2147483647;
			files = (
			);
			inputFileListPaths = (
			);
			inputPaths = (
				"${PODS_PODFILE_DIR_PATH}/Podfile.lock",
				"${PODS_ROOT}/Manifest.lock",
			);
			name = "[CP] Check Pods Manifest.lock";
			outputFileListPaths = (
			);
			outputPaths = (
				"$(DERIVED_FILE_DIR)/Pods-PickerField-checkManifestLockResult.txt",
			);
			runOnlyForDeploymentPostprocessing = 0;
			shellPath = /bin/sh;
			shellScript = "diff \"${PODS_PODFILE_DIR_PATH}/Podfile.lock\" \"${PODS_ROOT}/Manifest.lock\" > /dev/null\nif [ $? != 0 ] ; then\n    # print error to STDERR\n    echo \"error: The sandbox is not in sync with the Podfile.lock. Run 'pod install' or update your CocoaPods installation.\" >&2\n    exit 1\nfi\n# This output is used by Xcode 'outputs' to avoid re-running this script phase.\necho \"SUCCESS\" > \"${SCRIPT_OUTPUT_FILE_0}\"\n";
			showEnvVarsInLog = 0;
		};
/* End PBXShellScriptBuildPhase section */

/* Begin PBXSourcesBuildPhase section */
		2E6DBF282520E1BE001F5545 /* Sources */ = {
			isa = PBXSourcesBuildPhase;
			buildActionMask = 2147483647;
			files = (
				2E6DC02625216480001F5545 /* PickerTextField.swift in Sources */,
				2E6DC02725216480001F5545 /* PickerField.swift in Sources */,
				2E6DC02925216480001F5545 /* Picker.swift in Sources */,
			);
			runOnlyForDeploymentPostprocessing = 0;
		};
		2E6DBF312520E1BE001F5545 /* Sources */ = {
			isa = PBXSourcesBuildPhase;
			buildActionMask = 2147483647;
			files = (
				2E6DBF3B2520E1BE001F5545 /* PickerFieldTests.swift in Sources */,
			);
			runOnlyForDeploymentPostprocessing = 0;
		};
		2E6DC0702521DAD3001F5545 /* Sources */ = {
			isa = PBXSourcesBuildPhase;
			buildActionMask = 2147483647;
			files = (
				2E6DC07B2521DAD3001F5545 /* ViewController.swift in Sources */,
				2E6DC0772521DAD3001F5545 /* AppDelegate.swift in Sources */,
				2E6DC0792521DAD3001F5545 /* SceneDelegate.swift in Sources */,
			);
			runOnlyForDeploymentPostprocessing = 0;
		};
		2E6DC0852521DAD9001F5545 /* Sources */ = {
			isa = PBXSourcesBuildPhase;
			buildActionMask = 2147483647;
			files = (
				2E6DC08E2521DAD9001F5545 /* PickerFieldDemoTests.swift in Sources */,
			);
			runOnlyForDeploymentPostprocessing = 0;
		};
		2E6DC0902521DAD9001F5545 /* Sources */ = {
			isa = PBXSourcesBuildPhase;
			buildActionMask = 2147483647;
			files = (
				2E6DC0992521DADA001F5545 /* PickerFieldDemoUITests.swift in Sources */,
			);
			runOnlyForDeploymentPostprocessing = 0;
		};
/* End PBXSourcesBuildPhase section */

/* Begin PBXTargetDependency section */
		2E6DBF382520E1BE001F5545 /* PBXTargetDependency */ = {
			isa = PBXTargetDependency;
			target = 2E6DBF2B2520E1BE001F5545 /* PickerField */;
			targetProxy = 2E6DBF372520E1BE001F5545 /* PBXContainerItemProxy */;
		};
		2E6DC08B2521DAD9001F5545 /* PBXTargetDependency */ = {
			isa = PBXTargetDependency;
			target = 2E6DC0732521DAD3001F5545 /* PickerFieldDemo */;
			targetProxy = 2E6DC08A2521DAD9001F5545 /* PBXContainerItemProxy */;
		};
		2E6DC0962521DADA001F5545 /* PBXTargetDependency */ = {
			isa = PBXTargetDependency;
			target = 2E6DC0732521DAD3001F5545 /* PickerFieldDemo */;
			targetProxy = 2E6DC0952521DADA001F5545 /* PBXContainerItemProxy */;
		};
/* End PBXTargetDependency section */

/* Begin PBXVariantGroup section */
		2E6DC07C2521DAD3001F5545 /* Main.storyboard */ = {
			isa = PBXVariantGroup;
			children = (
				2E6DC07D2521DAD3001F5545 /* Base */,
			);
			name = Main.storyboard;
			sourceTree = "<group>";
		};
		2E6DC0812521DAD9001F5545 /* LaunchScreen.storyboard */ = {
			isa = PBXVariantGroup;
			children = (
				2E6DC0822521DAD9001F5545 /* Base */,
			);
			name = LaunchScreen.storyboard;
			sourceTree = "<group>";
		};
/* End PBXVariantGroup section */

/* Begin XCBuildConfiguration section */
		2E6DBF3E2520E1BE001F5545 /* Debug */ = {
			isa = XCBuildConfiguration;
			buildSettings = {
				ALWAYS_SEARCH_USER_PATHS = NO;
				CLANG_ANALYZER_NONNULL = YES;
				CLANG_ANALYZER_NUMBER_OBJECT_CONVERSION = YES_AGGRESSIVE;
				CLANG_CXX_LANGUAGE_STANDARD = "gnu++14";
				CLANG_CXX_LIBRARY = "libc++";
				CLANG_ENABLE_MODULES = YES;
				CLANG_ENABLE_OBJC_ARC = YES;
				CLANG_ENABLE_OBJC_WEAK = YES;
				CLANG_WARN_BLOCK_CAPTURE_AUTORELEASING = YES;
				CLANG_WARN_BOOL_CONVERSION = YES;
				CLANG_WARN_COMMA = YES;
				CLANG_WARN_CONSTANT_CONVERSION = YES;
				CLANG_WARN_DEPRECATED_OBJC_IMPLEMENTATIONS = YES;
				CLANG_WARN_DIRECT_OBJC_ISA_USAGE = YES_ERROR;
				CLANG_WARN_DOCUMENTATION_COMMENTS = YES;
				CLANG_WARN_EMPTY_BODY = YES;
				CLANG_WARN_ENUM_CONVERSION = YES;
				CLANG_WARN_INFINITE_RECURSION = YES;
				CLANG_WARN_INT_CONVERSION = YES;
				CLANG_WARN_NON_LITERAL_NULL_CONVERSION = YES;
				CLANG_WARN_OBJC_IMPLICIT_RETAIN_SELF = YES;
				CLANG_WARN_OBJC_LITERAL_CONVERSION = YES;
				CLANG_WARN_OBJC_ROOT_CLASS = YES_ERROR;
				CLANG_WARN_QUOTED_INCLUDE_IN_FRAMEWORK_HEADER = YES;
				CLANG_WARN_RANGE_LOOP_ANALYSIS = YES;
				CLANG_WARN_STRICT_PROTOTYPES = YES;
				CLANG_WARN_SUSPICIOUS_MOVE = YES;
				CLANG_WARN_UNGUARDED_AVAILABILITY = YES_AGGRESSIVE;
				CLANG_WARN_UNREACHABLE_CODE = YES;
				CLANG_WARN__DUPLICATE_METHOD_MATCH = YES;
				COPY_PHASE_STRIP = NO;
				CURRENT_PROJECT_VERSION = 1;
				DEBUG_INFORMATION_FORMAT = dwarf;
				ENABLE_STRICT_OBJC_MSGSEND = YES;
				ENABLE_TESTABILITY = YES;
				GCC_C_LANGUAGE_STANDARD = gnu11;
				GCC_DYNAMIC_NO_PIC = NO;
				GCC_NO_COMMON_BLOCKS = YES;
				GCC_OPTIMIZATION_LEVEL = 0;
				GCC_PREPROCESSOR_DEFINITIONS = (
					"DEBUG=1",
					"$(inherited)",
				);
				GCC_WARN_64_TO_32_BIT_CONVERSION = YES;
				GCC_WARN_ABOUT_RETURN_TYPE = YES_ERROR;
				GCC_WARN_UNDECLARED_SELECTOR = YES;
				GCC_WARN_UNINITIALIZED_AUTOS = YES_AGGRESSIVE;
				GCC_WARN_UNUSED_FUNCTION = YES;
				GCC_WARN_UNUSED_VARIABLE = YES;
				IPHONEOS_DEPLOYMENT_TARGET = 14.0;
				MTL_ENABLE_DEBUG_INFO = INCLUDE_SOURCE;
				MTL_FAST_MATH = YES;
				ONLY_ACTIVE_ARCH = YES;
				SDKROOT = iphoneos;
				SWIFT_ACTIVE_COMPILATION_CONDITIONS = DEBUG;
				SWIFT_OPTIMIZATION_LEVEL = "-Onone";
				VERSIONING_SYSTEM = "apple-generic";
				VERSION_INFO_PREFIX = "";
			};
			name = Debug;
		};
		2E6DBF3F2520E1BE001F5545 /* Release */ = {
			isa = XCBuildConfiguration;
			buildSettings = {
				ALWAYS_SEARCH_USER_PATHS = NO;
				CLANG_ANALYZER_NONNULL = YES;
				CLANG_ANALYZER_NUMBER_OBJECT_CONVERSION = YES_AGGRESSIVE;
				CLANG_CXX_LANGUAGE_STANDARD = "gnu++14";
				CLANG_CXX_LIBRARY = "libc++";
				CLANG_ENABLE_MODULES = YES;
				CLANG_ENABLE_OBJC_ARC = YES;
				CLANG_ENABLE_OBJC_WEAK = YES;
				CLANG_WARN_BLOCK_CAPTURE_AUTORELEASING = YES;
				CLANG_WARN_BOOL_CONVERSION = YES;
				CLANG_WARN_COMMA = YES;
				CLANG_WARN_CONSTANT_CONVERSION = YES;
				CLANG_WARN_DEPRECATED_OBJC_IMPLEMENTATIONS = YES;
				CLANG_WARN_DIRECT_OBJC_ISA_USAGE = YES_ERROR;
				CLANG_WARN_DOCUMENTATION_COMMENTS = YES;
				CLANG_WARN_EMPTY_BODY = YES;
				CLANG_WARN_ENUM_CONVERSION = YES;
				CLANG_WARN_INFINITE_RECURSION = YES;
				CLANG_WARN_INT_CONVERSION = YES;
				CLANG_WARN_NON_LITERAL_NULL_CONVERSION = YES;
				CLANG_WARN_OBJC_IMPLICIT_RETAIN_SELF = YES;
				CLANG_WARN_OBJC_LITERAL_CONVERSION = YES;
				CLANG_WARN_OBJC_ROOT_CLASS = YES_ERROR;
				CLANG_WARN_QUOTED_INCLUDE_IN_FRAMEWORK_HEADER = YES;
				CLANG_WARN_RANGE_LOOP_ANALYSIS = YES;
				CLANG_WARN_STRICT_PROTOTYPES = YES;
				CLANG_WARN_SUSPICIOUS_MOVE = YES;
				CLANG_WARN_UNGUARDED_AVAILABILITY = YES_AGGRESSIVE;
				CLANG_WARN_UNREACHABLE_CODE = YES;
				CLANG_WARN__DUPLICATE_METHOD_MATCH = YES;
				COPY_PHASE_STRIP = NO;
				CURRENT_PROJECT_VERSION = 1;
				DEBUG_INFORMATION_FORMAT = "dwarf-with-dsym";
				ENABLE_NS_ASSERTIONS = NO;
				ENABLE_STRICT_OBJC_MSGSEND = YES;
				GCC_C_LANGUAGE_STANDARD = gnu11;
				GCC_NO_COMMON_BLOCKS = YES;
				GCC_WARN_64_TO_32_BIT_CONVERSION = YES;
				GCC_WARN_ABOUT_RETURN_TYPE = YES_ERROR;
				GCC_WARN_UNDECLARED_SELECTOR = YES;
				GCC_WARN_UNINITIALIZED_AUTOS = YES_AGGRESSIVE;
				GCC_WARN_UNUSED_FUNCTION = YES;
				GCC_WARN_UNUSED_VARIABLE = YES;
				IPHONEOS_DEPLOYMENT_TARGET = 14.0;
				MTL_ENABLE_DEBUG_INFO = NO;
				MTL_FAST_MATH = YES;
				SDKROOT = iphoneos;
				SWIFT_COMPILATION_MODE = wholemodule;
				SWIFT_OPTIMIZATION_LEVEL = "-O";
				VALIDATE_PRODUCT = YES;
				VERSIONING_SYSTEM = "apple-generic";
				VERSION_INFO_PREFIX = "";
			};
			name = Release;
		};
		2E6DBF412520E1BE001F5545 /* Debug */ = {
			isa = XCBuildConfiguration;
			baseConfigurationReference = 2BFBBC3C85BAB52AFB13AF3B /* Pods-PickerField.debug.xcconfig */;
			buildSettings = {
				CLANG_ENABLE_MODULES = YES;
				CODE_SIGN_STYLE = Automatic;
				DEFINES_MODULE = YES;
				DEVELOPMENT_TEAM = 28557U83BM;
				DYLIB_COMPATIBILITY_VERSION = 1;
				DYLIB_CURRENT_VERSION = 1;
				DYLIB_INSTALL_NAME_BASE = "@rpath";
				INFOPLIST_FILE = PickerField/Info.plist;
				INSTALL_PATH = "$(LOCAL_LIBRARY_DIR)/Frameworks";
				IPHONEOS_DEPLOYMENT_TARGET = 11.0;
				LD_RUNPATH_SEARCH_PATHS = (
					"$(inherited)",
					"@executable_path/Frameworks",
					"@loader_path/Frameworks",
				);
				PRODUCT_BUNDLE_IDENTIFIER = com.mernissi.PickerField;
				PRODUCT_NAME = "$(TARGET_NAME:c99extidentifier)";
				SKIP_INSTALL = YES;
				SUPPORTS_MACCATALYST = NO;
				SWIFT_OPTIMIZATION_LEVEL = "-Onone";
				SWIFT_VERSION = 5.0;
				TARGETED_DEVICE_FAMILY = "1,2";
			};
			name = Debug;
		};
		2E6DBF422520E1BE001F5545 /* Release */ = {
			isa = XCBuildConfiguration;
			baseConfigurationReference = 28849AE91E14AC927C18FC33 /* Pods-PickerField.release.xcconfig */;
			buildSettings = {
				CLANG_ENABLE_MODULES = YES;
				CODE_SIGN_STYLE = Automatic;
				DEFINES_MODULE = YES;
				DEVELOPMENT_TEAM = 28557U83BM;
				DYLIB_COMPATIBILITY_VERSION = 1;
				DYLIB_CURRENT_VERSION = 1;
				DYLIB_INSTALL_NAME_BASE = "@rpath";
				INFOPLIST_FILE = PickerField/Info.plist;
				INSTALL_PATH = "$(LOCAL_LIBRARY_DIR)/Frameworks";
				IPHONEOS_DEPLOYMENT_TARGET = 11.0;
				LD_RUNPATH_SEARCH_PATHS = (
					"$(inherited)",
					"@executable_path/Frameworks",
					"@loader_path/Frameworks",
				);
				PRODUCT_BUNDLE_IDENTIFIER = com.mernissi.PickerField;
				PRODUCT_NAME = "$(TARGET_NAME:c99extidentifier)";
				SKIP_INSTALL = YES;
				SUPPORTS_MACCATALYST = NO;
				SWIFT_VERSION = 5.0;
				TARGETED_DEVICE_FAMILY = "1,2";
			};
			name = Release;
		};
		2E6DBF442520E1BE001F5545 /* Debug */ = {
			isa = XCBuildConfiguration;
			baseConfigurationReference = 5CCCAB3395C12D57C856955D /* Pods-PickerField-PickerFieldTests.debug.xcconfig */;
			buildSettings = {
				ALWAYS_EMBED_SWIFT_STANDARD_LIBRARIES = YES;
				CODE_SIGN_STYLE = Automatic;
				DEVELOPMENT_TEAM = 28557U83BM;
				INFOPLIST_FILE = PickerFieldTests/Info.plist;
				LD_RUNPATH_SEARCH_PATHS = (
					"$(inherited)",
					"@executable_path/Frameworks",
					"@loader_path/Frameworks",
				);
				PRODUCT_BUNDLE_IDENTIFIER = com.mernissi.PickerFieldTests;
				PRODUCT_NAME = "$(TARGET_NAME)";
				SWIFT_VERSION = 5.0;
				TARGETED_DEVICE_FAMILY = "1,2";
			};
			name = Debug;
		};
		2E6DBF452520E1BE001F5545 /* Release */ = {
			isa = XCBuildConfiguration;
			baseConfigurationReference = 55379CE836B06C7D2CED912C /* Pods-PickerField-PickerFieldTests.release.xcconfig */;
			buildSettings = {
				ALWAYS_EMBED_SWIFT_STANDARD_LIBRARIES = YES;
				CODE_SIGN_STYLE = Automatic;
				DEVELOPMENT_TEAM = 28557U83BM;
				INFOPLIST_FILE = PickerFieldTests/Info.plist;
				LD_RUNPATH_SEARCH_PATHS = (
					"$(inherited)",
					"@executable_path/Frameworks",
					"@loader_path/Frameworks",
				);
				PRODUCT_BUNDLE_IDENTIFIER = com.mernissi.PickerFieldTests;
				PRODUCT_NAME = "$(TARGET_NAME)";
				SWIFT_VERSION = 5.0;
				TARGETED_DEVICE_FAMILY = "1,2";
			};
			name = Release;
		};
		2E6DC09B2521DADA001F5545 /* Debug */ = {
			isa = XCBuildConfiguration;
			baseConfigurationReference = 2F6F6D294DB5BEA4D411BFE1 /* Pods-PickerFieldDemo.debug.xcconfig */;
			buildSettings = {
				ASSETCATALOG_COMPILER_APPICON_NAME = AppIcon;
				ASSETCATALOG_COMPILER_GLOBAL_ACCENT_COLOR_NAME = AccentColor;
				CODE_SIGN_STYLE = Automatic;
				DEVELOPMENT_TEAM = 28557U83BM;
				INFOPLIST_FILE = PickerFieldDemo/Info.plist;
				IPHONEOS_DEPLOYMENT_TARGET = 13.0;
				LD_RUNPATH_SEARCH_PATHS = (
					"$(inherited)",
					"@executable_path/Frameworks",
				);
				PRODUCT_BUNDLE_IDENTIFIER = com.mernissi.PickerFieldDemo;
				PRODUCT_NAME = "$(TARGET_NAME)";
				SWIFT_VERSION = 5.0;
				TARGETED_DEVICE_FAMILY = "1,2";
			};
			name = Debug;
		};
		2E6DC09C2521DADA001F5545 /* Release */ = {
			isa = XCBuildConfiguration;
			baseConfigurationReference = 1CED1117382D0839AB02EE61 /* Pods-PickerFieldDemo.release.xcconfig */;
			buildSettings = {
				ASSETCATALOG_COMPILER_APPICON_NAME = AppIcon;
				ASSETCATALOG_COMPILER_GLOBAL_ACCENT_COLOR_NAME = AccentColor;
				CODE_SIGN_STYLE = Automatic;
				DEVELOPMENT_TEAM = 28557U83BM;
				INFOPLIST_FILE = PickerFieldDemo/Info.plist;
				IPHONEOS_DEPLOYMENT_TARGET = 13.0;
				LD_RUNPATH_SEARCH_PATHS = (
					"$(inherited)",
					"@executable_path/Frameworks",
				);
				PRODUCT_BUNDLE_IDENTIFIER = com.mernissi.PickerFieldDemo;
				PRODUCT_NAME = "$(TARGET_NAME)";
				SWIFT_VERSION = 5.0;
				TARGETED_DEVICE_FAMILY = "1,2";
			};
			name = Release;
		};
		2E6DC09D2521DADA001F5545 /* Debug */ = {
			isa = XCBuildConfiguration;
			buildSettings = {
				ALWAYS_EMBED_SWIFT_STANDARD_LIBRARIES = YES;
				BUNDLE_LOADER = "$(TEST_HOST)";
				CODE_SIGN_STYLE = Automatic;
				DEVELOPMENT_TEAM = 28557U83BM;
				INFOPLIST_FILE = PickerFieldDemoTests/Info.plist;
				IPHONEOS_DEPLOYMENT_TARGET = 14.0;
				LD_RUNPATH_SEARCH_PATHS = (
					"$(inherited)",
					"@executable_path/Frameworks",
					"@loader_path/Frameworks",
				);
				PRODUCT_BUNDLE_IDENTIFIER = com.mernissi.PickerFieldDemoTests;
				PRODUCT_NAME = "$(TARGET_NAME)";
				SWIFT_VERSION = 5.0;
				TARGETED_DEVICE_FAMILY = "1,2";
				TEST_HOST = "$(BUILT_PRODUCTS_DIR)/PickerFieldDemo.app/PickerFieldDemo";
			};
			name = Debug;
		};
		2E6DC09E2521DADA001F5545 /* Release */ = {
			isa = XCBuildConfiguration;
			buildSettings = {
				ALWAYS_EMBED_SWIFT_STANDARD_LIBRARIES = YES;
				BUNDLE_LOADER = "$(TEST_HOST)";
				CODE_SIGN_STYLE = Automatic;
				DEVELOPMENT_TEAM = 28557U83BM;
				INFOPLIST_FILE = PickerFieldDemoTests/Info.plist;
				IPHONEOS_DEPLOYMENT_TARGET = 14.0;
				LD_RUNPATH_SEARCH_PATHS = (
					"$(inherited)",
					"@executable_path/Frameworks",
					"@loader_path/Frameworks",
				);
				PRODUCT_BUNDLE_IDENTIFIER = com.mernissi.PickerFieldDemoTests;
				PRODUCT_NAME = "$(TARGET_NAME)";
				SWIFT_VERSION = 5.0;
				TARGETED_DEVICE_FAMILY = "1,2";
				TEST_HOST = "$(BUILT_PRODUCTS_DIR)/PickerFieldDemo.app/PickerFieldDemo";
			};
			name = Release;
		};
		2E6DC09F2521DADA001F5545 /* Debug */ = {
			isa = XCBuildConfiguration;
			buildSettings = {
				ALWAYS_EMBED_SWIFT_STANDARD_LIBRARIES = YES;
				CODE_SIGN_STYLE = Automatic;
				DEVELOPMENT_TEAM = 28557U83BM;
				INFOPLIST_FILE = PickerFieldDemoUITests/Info.plist;
				LD_RUNPATH_SEARCH_PATHS = (
					"$(inherited)",
					"@executable_path/Frameworks",
					"@loader_path/Frameworks",
				);
				PRODUCT_BUNDLE_IDENTIFIER = com.mernissi.PickerFieldDemoUITests;
				PRODUCT_NAME = "$(TARGET_NAME)";
				SWIFT_VERSION = 5.0;
				TARGETED_DEVICE_FAMILY = "1,2";
				TEST_TARGET_NAME = PickerFieldDemo;
			};
			name = Debug;
		};
		2E6DC0A02521DADA001F5545 /* Release */ = {
			isa = XCBuildConfiguration;
			buildSettings = {
				ALWAYS_EMBED_SWIFT_STANDARD_LIBRARIES = YES;
				CODE_SIGN_STYLE = Automatic;
				DEVELOPMENT_TEAM = 28557U83BM;
				INFOPLIST_FILE = PickerFieldDemoUITests/Info.plist;
				LD_RUNPATH_SEARCH_PATHS = (
					"$(inherited)",
					"@executable_path/Frameworks",
					"@loader_path/Frameworks",
				);
				PRODUCT_BUNDLE_IDENTIFIER = com.mernissi.PickerFieldDemoUITests;
				PRODUCT_NAME = "$(TARGET_NAME)";
				SWIFT_VERSION = 5.0;
				TARGETED_DEVICE_FAMILY = "1,2";
				TEST_TARGET_NAME = PickerFieldDemo;
			};
			name = Release;
		};
/* End XCBuildConfiguration section */

/* Begin XCConfigurationList section */
		2E6DBF262520E1BE001F5545 /* Build configuration list for PBXProject "PickerField" */ = {
			isa = XCConfigurationList;
			buildConfigurations = (
				2E6DBF3E2520E1BE001F5545 /* Debug */,
				2E6DBF3F2520E1BE001F5545 /* Release */,
			);
			defaultConfigurationIsVisible = 0;
			defaultConfigurationName = Release;
		};
		2E6DBF402520E1BE001F5545 /* Build configuration list for PBXNativeTarget "PickerField" */ = {
			isa = XCConfigurationList;
			buildConfigurations = (
				2E6DBF412520E1BE001F5545 /* Debug */,
				2E6DBF422520E1BE001F5545 /* Release */,
			);
			defaultConfigurationIsVisible = 0;
			defaultConfigurationName = Release;
		};
		2E6DBF432520E1BE001F5545 /* Build configuration list for PBXNativeTarget "PickerFieldTests" */ = {
			isa = XCConfigurationList;
			buildConfigurations = (
				2E6DBF442520E1BE001F5545 /* Debug */,
				2E6DBF452520E1BE001F5545 /* Release */,
			);
			defaultConfigurationIsVisible = 0;
			defaultConfigurationName = Release;
		};
		2E6DC0A12521DADA001F5545 /* Build configuration list for PBXNativeTarget "PickerFieldDemo" */ = {
			isa = XCConfigurationList;
			buildConfigurations = (
				2E6DC09B2521DADA001F5545 /* Debug */,
				2E6DC09C2521DADA001F5545 /* Release */,
			);
			defaultConfigurationIsVisible = 0;
			defaultConfigurationName = Release;
		};
		2E6DC0A22521DADA001F5545 /* Build configuration list for PBXNativeTarget "PickerFieldDemoTests" */ = {
			isa = XCConfigurationList;
			buildConfigurations = (
				2E6DC09D2521DADA001F5545 /* Debug */,
				2E6DC09E2521DADA001F5545 /* Release */,
			);
			defaultConfigurationIsVisible = 0;
			defaultConfigurationName = Release;
		};
		2E6DC0A32521DADA001F5545 /* Build configuration list for PBXNativeTarget "PickerFieldDemoUITests" */ = {
			isa = XCConfigurationList;
			buildConfigurations = (
				2E6DC09F2521DADA001F5545 /* Debug */,
				2E6DC0A02521DADA001F5545 /* Release */,
			);
			defaultConfigurationIsVisible = 0;
			defaultConfigurationName = Release;
		};
/* End XCConfigurationList section */
	};
	rootObject = 2E6DBF232520E1BE001F5545 /* Project object */;
}
